
Microsoft Visual Studio Solution File, Format Version 12.00
# Visual Studio 15
Project("{FAE04EC0-301F-11D3-BF4B-00C04F79EFBC}") = "DocumentIO", "DocumentIO\DocumentIO.csproj", "{70E04A46-B86D-4FCC-9F37-6447E3A4191D}"
EndProject
Global
	GlobalSection(SolutionConfigurationPlatforms) = preSolution
		Debug|Any CPU = Debug|Any CPU
		Release|Any CPU = Release|Any CPU
	EndGlobalSection
	GlobalSection(ProjectConfigurationPlatforms) = postSolution
		{70E04A46-B86D-4FCC-9F37-6447E3A4191D}.Debug|Any CPU.ActiveCfg = Debug|Any CPU
		{70E04A46-B86D-4FCC-9F37-6447E3A4191D}.Debug|Any CPU.Build.0 = Debug|Any CPU
		{70E04A46-B86D-4FCC-9F37-6447E3A4191D}.Release|Any CPU.ActiveCfg = Release|Any CPU
		{70E04A46-B86D-4FCC-9F37-6447E3A4191D}.Release|Any CPU.Build.0 = Release|Any CPU
	EndGlobalSection
EndGlobal
